
Microsoft Visual Studio Solution File, Format Version 12.00
# Visual Studio 14
VisualStudioVersion = 14.0.25420.1
MinimumVisualStudioVersion = 10.0.40219.1
Project("{F184B08F-C81C-45F6-A57F-5ABD9991F28F}") = "Scheduler.client", "Scheduler.client\Scheduler.client.vbproj", "{A2D33938-9670-4361-849F-5719758FB361}"
EndProject
Project("{F184B08F-C81C-45F6-A57F-5ABD9991F28F}") = "Scheduler_Host", "Scheduler_Host\Scheduler_Host.vbproj", "{A61A39F6-E92A-45C8-A511-27E69C4ACF8A}"
EndProject
Project("{F184B08F-C81C-45F6-A57F-5ABD9991F28F}") = "Magna-Scheduler-Service", "Magna-Scheduler-Svc\Magna-Scheduler-Service.vbproj", "{B48BBD0E-A096-4A7A-AB2B-FC85BFA85A9A}"
EndProject
Project("{F184B08F-C81C-45F6-A57F-5ABD9991F28F}") = "Scheduler.Program", "Scheduler.Program\Scheduler.Program.vbproj", "{1E9EF9B5-4D35-4355-A93C-D510CD553514}"
EndProject
Project("{F184B08F-C81C-45F6-A57F-5ABD9991F28F}") = "Scheduler.core", "Scheduler.core\Scheduler.core.vbproj", "{B318E1E8-8E83-4CB5-8E17-A741B7E3A7B7}"
EndProject
Global
	GlobalSection(SolutionConfigurationPlatforms) = preSolution
		Debug|Any CPU = Debug|Any CPU
		Debug|x86 = Debug|x86
		Release|Any CPU = Release|Any CPU
		Release|x86 = Release|x86
	EndGlobalSection
	GlobalSection(ProjectConfigurationPlatforms) = postSolution
		{A2D33938-9670-4361-849F-5719758FB361}.Debug|Any CPU.ActiveCfg = Debug|Any CPU
		{A2D33938-9670-4361-849F-5719758FB361}.Debug|Any CPU.Build.0 = Debug|Any CPU
		{A2D33938-9670-4361-849F-5719758FB361}.Debug|x86.ActiveCfg = Debug|Any CPU
		{A2D33938-9670-4361-849F-5719758FB361}.Debug|x86.Build.0 = Debug|Any CPU
		{A2D33938-9670-4361-849F-5719758FB361}.Release|Any CPU.ActiveCfg = Release|Any CPU
		{A2D33938-9670-4361-849F-5719758FB361}.Release|Any CPU.Build.0 = Release|Any CPU
		{A2D33938-9670-4361-849F-5719758FB361}.Release|x86.ActiveCfg = Release|Any CPU
		{A2D33938-9670-4361-849F-5719758FB361}.Release|x86.Build.0 = Release|Any CPU
		{A61A39F6-E92A-45C8-A511-27E69C4ACF8A}.Debug|Any CPU.ActiveCfg = Debug|Any CPU
		{A61A39F6-E92A-45C8-A511-27E69C4ACF8A}.Debug|Any CPU.Build.0 = Debug|Any CPU
		{A61A39F6-E92A-45C8-A511-27E69C4ACF8A}.Debug|x86.ActiveCfg = Debug|Any CPU
		{A61A39F6-E92A-45C8-A511-27E69C4ACF8A}.Debug|x86.Build.0 = Debug|Any CPU
		{A61A39F6-E92A-45C8-A511-27E69C4ACF8A}.Release|Any CPU.ActiveCfg = Release|Any CPU
		{A61A39F6-E92A-45C8-A511-27E69C4ACF8A}.Release|Any CPU.Build.0 = Release|Any CPU
		{A61A39F6-E92A-45C8-A511-27E69C4ACF8A}.Release|x86.ActiveCfg = Release|Any CPU
		{A61A39F6-E92A-45C8-A511-27E69C4ACF8A}.Release|x86.Build.0 = Release|Any CPU
		{B48BBD0E-A096-4A7A-AB2B-FC85BFA85A9A}.Debug|Any CPU.ActiveCfg = Debug|Any CPU
		{B48BBD0E-A096-4A7A-AB2B-FC85BFA85A9A}.Debug|Any CPU.Build.0 = Debug|Any CPU
		{B48BBD0E-A096-4A7A-AB2B-FC85BFA85A9A}.Debug|x86.ActiveCfg = Debug|Any CPU
		{B48BBD0E-A096-4A7A-AB2B-FC85BFA85A9A}.Debug|x86.Build.0 = Debug|Any CPU
		{B48BBD0E-A096-4A7A-AB2B-FC85BFA85A9A}.Release|Any CPU.ActiveCfg = Release|Any CPU
		{B48BBD0E-A096-4A7A-AB2B-FC85BFA85A9A}.Release|Any CPU.Build.0 = Release|Any CPU
		{B48BBD0E-A096-4A7A-AB2B-FC85BFA85A9A}.Release|x86.ActiveCfg = Release|Any CPU
		{B48BBD0E-A096-4A7A-AB2B-FC85BFA85A9A}.Release|x86.Build.0 = Release|Any CPU
		{1E9EF9B5-4D35-4355-A93C-D510CD553514}.Debug|Any CPU.ActiveCfg = Debug|Any CPU
		{1E9EF9B5-4D35-4355-A93C-D510CD553514}.Debug|Any CPU.Build.0 = Debug|Any CPU
		{1E9EF9B5-4D35-4355-A93C-D510CD553514}.Debug|x86.ActiveCfg = Debug|Any CPU
		{1E9EF9B5-4D35-4355-A93C-D510CD553514}.Debug|x86.Build.0 = Debug|Any CPU
		{1E9EF9B5-4D35-4355-A93C-D510CD553514}.Release|Any CPU.ActiveCfg = Release|Any CPU
		{1E9EF9B5-4D35-4355-A93C-D510CD553514}.Release|Any CPU.Build.0 = Release|Any CPU
		{1E9EF9B5-4D35-4355-A93C-D510CD553514}.Release|x86.ActiveCfg = Release|Any CPU
		{1E9EF9B5-4D35-4355-A93C-D510CD553514}.Release|x86.Build.0 = Release|Any CPU
		{B318E1E8-8E83-4CB5-8E17-A741B7E3A7B7}.Debug|Any CPU.ActiveCfg = Debug|x86
		{B318E1E8-8E83-4CB5-8E17-A741B7E3A7B7}.Debug|x86.ActiveCfg = Debug|x86
		{B318E1E8-8E83-4CB5-8E17-A741B7E3A7B7}.Debug|x86.Build.0 = Debug|x86
		{B318E1E8-8E83-4CB5-8E17-A741B7E3A7B7}.Release|Any CPU.ActiveCfg = Release|x86
		{B318E1E8-8E83-4CB5-8E17-A741B7E3A7B7}.Release|x86.ActiveCfg = Release|x86
		{B318E1E8-8E83-4CB5-8E17-A741B7E3A7B7}.Release|x86.Build.0 = Release|x86
	EndGlobalSection
	GlobalSection(SolutionProperties) = preSolution
		HideSolutionNode = FALSE
	EndGlobalSection
EndGlobal
